schema: '2.0'
stages:
  load_data:
    cmd: python src/load_data.py --config=params.yaml
    deps:
    - path: data_given/winequality.csv
      hash: md5
      md5: ccc8d3507eb151f53f760d36abdef888
      size: 91998
    - path: src\get_data.py
      hash: md5
      md5: 7bb1cd1064cd343d792605a86e5ddabd
      size: 835
    - path: src\load_data.py
      hash: md5
      md5: 0c6d0854369afc4b1e7b87e776b3198c
      size: 860
    outs:
    - path: data/raw/winequality.csv
      hash: md5
      md5: 069b522b0321bc25a626ceeffcb8eb44
      size: 93598
  split_data:
    cmd: python src/split_data.py --config=params.yaml
    deps:
    - path: data/raw/winequality.csv
      hash: md5
      md5: 069b522b0321bc25a626ceeffcb8eb44
      size: 93598
    - path: src/split_data.py
      hash: md5
      md5: 4eeb3ff895ab7463e6028e1a22f0764f
      size: 1329
    outs:
    - path: data/processed/test_winequality.csv
      hash: md5
      md5: 380a75475c91fbe006313ec887f44737
      size: 74931
    - path: data/processed/train_winequality.csv
      hash: md5
      md5: 025a9bef4450e9665a5e75f03c023e43
      size: 18813
  train_and_evaluate:
    cmd: python src/train_and_evaluate.py --config=params.yaml
    deps:
    - path: data/processed/test_winequality.csv
      hash: md5
      md5: 380a75475c91fbe006313ec887f44737
      size: 74931
    - path: data/processed/train_winequality.csv
      hash: md5
      md5: 025a9bef4450e9665a5e75f03c023e43
      size: 18813
    - path: src/train_and_evaluate.py
      hash: md5
      md5: b0bff1322e7b11a96e890f0c8ad13262
      size: 3366
    params:
      params.yaml:
        estimators.ElasticNet.params.alpha: 0.45
        estimators.ElasticNet.params.l1_ratio: 0.45
  log_production_model:
    cmd: python src/log_production_model.py --config=params.yaml
    deps:
    - path: src/log_production_model.py
      hash: md5
      md5: af038cb3f1d49a366f52088b1ef77706
      size: 1823
