schema: '2.0'
stages:
  load_data:
    cmd: python src/load_data.py --config=params.yaml
    deps:
    - path: data_given/winequality.csv
      hash: md5
      md5: ccc8d3507eb151f53f760d36abdef888
      size: 91998
    - path: src\get_data.py
      hash: md5
      md5: bd7299b211c58cdbad91bcc68b7fe5ab
      size: 903
    - path: src\load_data.py
      hash: md5
      md5: a12f4bc7dc4964298a89e67df47d21a6
      size: 928
    outs:
    - path: data/raw/winequality.csv
      hash: md5
      md5: 069b522b0321bc25a626ceeffcb8eb44
      size: 93598
  split_data:
    cmd: python src/split_data.py --config=params.yaml
    deps:
    - path: data/raw/winequality.csv
      hash: md5
      md5: 069b522b0321bc25a626ceeffcb8eb44
      size: 93598
    - path: src/split_data.py
      hash: md5
      md5: 3faf52c089bb8799b01cb2a317aa98af
      size: 1397
    outs:
    - path: data/processed/test_winequality.csv
      hash: md5
      md5: 380a75475c91fbe006313ec887f44737
      size: 74931
    - path: data/processed/train_winequality.csv
      hash: md5
      md5: 025a9bef4450e9665a5e75f03c023e43
      size: 18813
  train_and_evaluate:
    cmd: python src/train_and_evaluate.py --config=params.yaml
    deps:
    - path: data/processed/test_winequality.csv
      hash: md5
      md5: 380a75475c91fbe006313ec887f44737
      size: 74931
    - path: data/processed/train_winequality.csv
      hash: md5
      md5: 025a9bef4450e9665a5e75f03c023e43
      size: 18813
    - path: src/train_and_evaluate.py
      hash: md5
      md5: 886e0769354a3baf9f91a784d29a8c23
      size: 3194
    params:
      params.yaml:
        estimators.ElasticNet.params.alpha: 0.9
        estimators.ElasticNet.params.l1_ratio: 0.4
    outs:
    - path: models/model.joblib
      hash: md5
      md5: 1625448327c4221d7f633da3a61e2571
      size: 1231
    - path: reports/params.json
      hash: md5
      md5: 443ce921d72995d744e459d0213405d7
      size: 44
    - path: reports/scores.json
      hash: md5
      md5: edf44f23a20cc726fc29534e7fde74a8
      size: 100
